// !$*UTF8*$!
{
	archiveVersion = 1;
	classes = {
	};
	objectVersion = 46;
	objects = {

/* Begin PBXBuildFile section */
		219F1BBA18D8A58A00F2CF5A /* Foundation.framework in Frameworks */ = {isa = PBXBuildFile; fileRef = 219F1BB918D8A58A00F2CF5A /* Foundation.framework */; };
		219F1BBC18D8A58A00F2CF5A /* CoreGraphics.framework in Frameworks */ = {isa = PBXBuildFile; fileRef = 219F1BBB18D8A58A00F2CF5A /* CoreGraphics.framework */; };
		219F1BBE18D8A58A00F2CF5A /* UIKit.framework in Frameworks */ = {isa = PBXBuildFile; fileRef = 219F1BBD18D8A58A00F2CF5A /* UIKit.framework */; };
		219F1BC418D8A58A00F2CF5A /* InfoPlist.strings in Resources */ = {isa = PBXBuildFile; fileRef = 219F1BC218D8A58A00F2CF5A /* InfoPlist.strings */; };
		219F1BC618D8A58A00F2CF5A /* main.m in Sources */ = {isa = PBXBuildFile; fileRef = 219F1BC518D8A58A00F2CF5A /* main.m */; };
		219F1BCA18D8A58A00F2CF5A /* AppDelegate.m in Sources */ = {isa = PBXBuildFile; fileRef = 219F1BC918D8A58A00F2CF5A /* AppDelegate.m */; };
		219F1BCC18D8A58A00F2CF5A /* Images.xcassets in Resources */ = {isa = PBXBuildFile; fileRef = 219F1BCB18D8A58A00F2CF5A /* Images.xcassets */; };
		219F1BD318D8A58A00F2CF5A /* XCTest.framework in Frameworks */ = {isa = PBXBuildFile; fileRef = 219F1BD218D8A58A00F2CF5A /* XCTest.framework */; };
		219F1BD418D8A58A00F2CF5A /* Foundation.framework in Frameworks */ = {isa = PBXBuildFile; fileRef = 219F1BB918D8A58A00F2CF5A /* Foundation.framework */; };
		219F1BD518D8A58A00F2CF5A /* UIKit.framework in Frameworks */ = {isa = PBXBuildFile; fileRef = 219F1BBD18D8A58A00F2CF5A /* UIKit.framework */; };
		219F1BDD18D8A58A00F2CF5A /* InfoPlist.strings in Resources */ = {isa = PBXBuildFile; fileRef = 219F1BDB18D8A58A00F2CF5A /* InfoPlist.strings */; };
		219F1BDF18D8A58A00F2CF5A /* FuffrMapTests.m in Sources */ = {isa = PBXBuildFile; fileRef = 219F1BDE18D8A58A00F2CF5A /* FuffrMapTests.m */; };
		219F1BEA18D8A5C500F2CF5A /* MapViewController.m in Sources */ = {isa = PBXBuildFile; fileRef = 219F1BE918D8A5C500F2CF5A /* MapViewController.m */; };
		219F1BF618D8A7F000F2CF5A /* libFuffrLib.a in Frameworks */ = {isa = PBXBuildFile; fileRef = 219F1BF118D8A77900F2CF5A /* libFuffrLib.a */; };
/* End PBXBuildFile section */

/* Begin PBXContainerItemProxy section */
		219F1BD618D8A58A00F2CF5A /* PBXContainerItemProxy */ = {
			isa = PBXContainerItemProxy;
			containerPortal = 219F1BAE18D8A58A00F2CF5A /* Project object */;
			proxyType = 1;
			remoteGlobalIDString = 219F1BB518D8A58A00F2CF5A;
			remoteInfo = FuffrMap;
		};
		219F1BF018D8A77900F2CF5A /* PBXContainerItemProxy */ = {
			isa = PBXContainerItemProxy;
			containerPortal = 219F1BEB18D8A77800F2CF5A /* FuffrLib.xcodeproj */;
			proxyType = 2;
			remoteGlobalIDString = 219718C518D60662007B6E84;
			remoteInfo = FuffrLib;
		};
		219F1BF218D8A77900F2CF5A /* PBXContainerItemProxy */ = {
			isa = PBXContainerItemProxy;
			containerPortal = 219F1BEB18D8A77800F2CF5A /* FuffrLib.xcodeproj */;
			proxyType = 2;
			remoteGlobalIDString = 219718D518D60662007B6E84;
			remoteInfo = FuffrLibTests;
		};
		219F1BF418D8A7EA00F2CF5A /* PBXContainerItemProxy */ = {
			isa = PBXContainerItemProxy;
			containerPortal = 219F1BEB18D8A77800F2CF5A /* FuffrLib.xcodeproj */;
			proxyType = 1;
			remoteGlobalIDString = 219718C418D60662007B6E84;
			remoteInfo = FuffrLib;
		};
/* End PBXContainerItemProxy section */

/* Begin PBXFileReference section */
		219F1BB618D8A58A00F2CF5A /* FuffrMap.app */ = {isa = PBXFileReference; explicitFileType = wrapper.application; includeInIndex = 0; path = FuffrMap.app; sourceTree = BUILT_PRODUCTS_DIR; };
		219F1BB918D8A58A00F2CF5A /* Foundation.framework */ = {isa = PBXFileReference; lastKnownFileType = wrapper.framework; name = Foundation.framework; path = System/Library/Frameworks/Foundation.framework; sourceTree = SDKROOT; };
		219F1BBB18D8A58A00F2CF5A /* CoreGraphics.framework */ = {isa = PBXFileReference; lastKnownFileType = wrapper.framework; name = CoreGraphics.framework; path = System/Library/Frameworks/CoreGraphics.framework; sourceTree = SDKROOT; };
		219F1BBD18D8A58A00F2CF5A /* UIKit.framework */ = {isa = PBXFileReference; lastKnownFileType = wrapper.framework; name = UIKit.framework; path = System/Library/Frameworks/UIKit.framework; sourceTree = SDKROOT; };
		219F1BC118D8A58A00F2CF5A /* FuffrMap-Info.plist */ = {isa = PBXFileReference; lastKnownFileType = text.plist.xml; path = "FuffrMap-Info.plist"; sourceTree = "<group>"; };
		219F1BC318D8A58A00F2CF5A /* en */ = {isa = PBXFileReference; lastKnownFileType = text.plist.strings; name = en; path = en.lproj/InfoPlist.strings; sourceTree = "<group>"; };
		219F1BC518D8A58A00F2CF5A /* main.m */ = {isa = PBXFileReference; lastKnownFileType = sourcecode.c.objc; path = main.m; sourceTree = "<group>"; };
		219F1BC718D8A58A00F2CF5A /* FuffrMap-Prefix.pch */ = {isa = PBXFileReference; lastKnownFileType = sourcecode.c.h; path = "FuffrMap-Prefix.pch"; sourceTree = "<group>"; };
		219F1BC818D8A58A00F2CF5A /* AppDelegate.h */ = {isa = PBXFileReference; lastKnownFileType = sourcecode.c.h; path = AppDelegate.h; sourceTree = "<group>"; };
		219F1BC918D8A58A00F2CF5A /* AppDelegate.m */ = {isa = PBXFileReference; lastKnownFileType = sourcecode.c.objc; path = AppDelegate.m; sourceTree = "<group>"; };
		219F1BCB18D8A58A00F2CF5A /* Images.xcassets */ = {isa = PBXFileReference; lastKnownFileType = folder.assetcatalog; path = Images.xcassets; sourceTree = "<group>"; };
		219F1BD118D8A58A00F2CF5A /* FuffrMapTests.xctest */ = {isa = PBXFileReference; explicitFileType = wrapper.cfbundle; includeInIndex = 0; path = FuffrMapTests.xctest; sourceTree = BUILT_PRODUCTS_DIR; };
		219F1BD218D8A58A00F2CF5A /* XCTest.framework */ = {isa = PBXFileReference; lastKnownFileType = wrapper.framework; name = XCTest.framework; path = Library/Frameworks/XCTest.framework; sourceTree = DEVELOPER_DIR; };
		219F1BDA18D8A58A00F2CF5A /* FuffrMapTests-Info.plist */ = {isa = PBXFileReference; lastKnownFileType = text.plist.xml; path = "FuffrMapTests-Info.plist"; sourceTree = "<group>"; };
		219F1BDC18D8A58A00F2CF5A /* en */ = {isa = PBXFileReference; lastKnownFileType = text.plist.strings; name = en; path = en.lproj/InfoPlist.strings; sourceTree = "<group>"; };
		219F1BDE18D8A58A00F2CF5A /* FuffrMapTests.m */ = {isa = PBXFileReference; lastKnownFileType = sourcecode.c.objc; path = FuffrMapTests.m; sourceTree = "<group>"; };
		219F1BE818D8A5C500F2CF5A /* MapViewController.h */ = {isa = PBXFileReference; fileEncoding = 4; lastKnownFileType = sourcecode.c.h; path = MapViewController.h; sourceTree = "<group>"; };
		219F1BE918D8A5C500F2CF5A /* MapViewController.m */ = {isa = PBXFileReference; fileEncoding = 4; lastKnownFileType = sourcecode.c.objc; path = MapViewController.m; sourceTree = "<group>"; };
		219F1BEB18D8A77800F2CF5A /* FuffrLib.xcodeproj */ = {isa = PBXFileReference; lastKnownFileType = "wrapper.pb-project"; name = FuffrLib.xcodeproj; path = ../FuffrLib/FuffrLib.xcodeproj; sourceTree = "<group>"; };
/* End PBXFileReference section */

/* Begin PBXFrameworksBuildPhase section */
		219F1BB318D8A58A00F2CF5A /* Frameworks */ = {
			isa = PBXFrameworksBuildPhase;
			buildActionMask = 2147483647;
			files = (
				219F1BF618D8A7F000F2CF5A /* libFuffrLib.a in Frameworks */,
				219F1BBC18D8A58A00F2CF5A /* CoreGraphics.framework in Frameworks */,
				219F1BBE18D8A58A00F2CF5A /* UIKit.framework in Frameworks */,
				219F1BBA18D8A58A00F2CF5A /* Foundation.framework in Frameworks */,
			);
			runOnlyForDeploymentPostprocessing = 0;
		};
		219F1BCE18D8A58A00F2CF5A /* Frameworks */ = {
			isa = PBXFrameworksBuildPhase;
			buildActionMask = 2147483647;
			files = (
				219F1BD318D8A58A00F2CF5A /* XCTest.framework in Frameworks */,
				219F1BD518D8A58A00F2CF5A /* UIKit.framework in Frameworks */,
				219F1BD418D8A58A00F2CF5A /* Foundation.framework in Frameworks */,
			);
			runOnlyForDeploymentPostprocessing = 0;
		};
/* End PBXFrameworksBuildPhase section */

/* Begin PBXGroup section */
		219F1BAD18D8A58A00F2CF5A = {
			isa = PBXGroup;
			children = (
				219F1BBF18D8A58A00F2CF5A /* FuffrMap */,
				219F1BD818D8A58A00F2CF5A /* FuffrMapTests */,
				219F1BB818D8A58A00F2CF5A /* Frameworks */,
				219F1BB718D8A58A00F2CF5A /* Products */,
				219F1BEB18D8A77800F2CF5A /* FuffrLib.xcodeproj */,
			);
			sourceTree = "<group>";
		};
		219F1BB718D8A58A00F2CF5A /* Products */ = {
			isa = PBXGroup;
			children = (
				219F1BB618D8A58A00F2CF5A /* FuffrMap.app */,
				219F1BD118D8A58A00F2CF5A /* FuffrMapTests.xctest */,
			);
			name = Products;
			sourceTree = "<group>";
		};
		219F1BB818D8A58A00F2CF5A /* Frameworks */ = {
			isa = PBXGroup;
			children = (
				219F1BB918D8A58A00F2CF5A /* Foundation.framework */,
				219F1BBB18D8A58A00F2CF5A /* CoreGraphics.framework */,
				219F1BBD18D8A58A00F2CF5A /* UIKit.framework */,
				219F1BD218D8A58A00F2CF5A /* XCTest.framework */,
			);
			name = Frameworks;
			sourceTree = "<group>";
		};
		219F1BBF18D8A58A00F2CF5A /* FuffrMap */ = {
			isa = PBXGroup;
			children = (
				219F1BC818D8A58A00F2CF5A /* AppDelegate.h */,
				219F1BC918D8A58A00F2CF5A /* AppDelegate.m */,
				219F1BE818D8A5C500F2CF5A /* MapViewController.h */,
				219F1BE918D8A5C500F2CF5A /* MapViewController.m */,
				219F1BCB18D8A58A00F2CF5A /* Images.xcassets */,
				219F1BC018D8A58A00F2CF5A /* Supporting Files */,
			);
			path = FuffrMap;
			sourceTree = "<group>";
		};
		219F1BC018D8A58A00F2CF5A /* Supporting Files */ = {
			isa = PBXGroup;
			children = (
				219F1BC118D8A58A00F2CF5A /* FuffrMap-Info.plist */,
				219F1BC218D8A58A00F2CF5A /* InfoPlist.strings */,
				219F1BC518D8A58A00F2CF5A /* main.m */,
				219F1BC718D8A58A00F2CF5A /* FuffrMap-Prefix.pch */,
			);
			name = "Supporting Files";
			sourceTree = "<group>";
		};
		219F1BD818D8A58A00F2CF5A /* FuffrMapTests */ = {
			isa = PBXGroup;
			children = (
				219F1BDE18D8A58A00F2CF5A /* FuffrMapTests.m */,
				219F1BD918D8A58A00F2CF5A /* Supporting Files */,
			);
			path = FuffrMapTests;
			sourceTree = "<group>";
		};
		219F1BD918D8A58A00F2CF5A /* Supporting Files */ = {
			isa = PBXGroup;
			children = (
				219F1BDA18D8A58A00F2CF5A /* FuffrMapTests-Info.plist */,
				219F1BDB18D8A58A00F2CF5A /* InfoPlist.strings */,
			);
			name = "Supporting Files";
			sourceTree = "<group>";
		};
		219F1BEC18D8A77800F2CF5A /* Products */ = {
			isa = PBXGroup;
			children = (
				219F1BF118D8A77900F2CF5A /* libFuffrLib.a */,
				219F1BF318D8A77900F2CF5A /* FuffrLibTests.xctest */,
			);
			name = Products;
			sourceTree = "<group>";
		};
/* End PBXGroup section */

/* Begin PBXNativeTarget section */
		219F1BB518D8A58A00F2CF5A /* FuffrMap */ = {
			isa = PBXNativeTarget;
			buildConfigurationList = 219F1BE218D8A58A00F2CF5A /* Build configuration list for PBXNativeTarget "FuffrMap" */;
			buildPhases = (
				219F1BB218D8A58A00F2CF5A /* Sources */,
				219F1BB318D8A58A00F2CF5A /* Frameworks */,
				219F1BB418D8A58A00F2CF5A /* Resources */,
			);
			buildRules = (
			);
			dependencies = (
				219F1BF518D8A7EA00F2CF5A /* PBXTargetDependency */,
			);
			name = FuffrMap;
			productName = FuffrMap;
			productReference = 219F1BB618D8A58A00F2CF5A /* FuffrMap.app */;
			productType = "com.apple.product-type.application";
		};
		219F1BD018D8A58A00F2CF5A /* FuffrMapTests */ = {
			isa = PBXNativeTarget;
			buildConfigurationList = 219F1BE518D8A58A00F2CF5A /* Build configuration list for PBXNativeTarget "FuffrMapTests" */;
			buildPhases = (
				219F1BCD18D8A58A00F2CF5A /* Sources */,
				219F1BCE18D8A58A00F2CF5A /* Frameworks */,
				219F1BCF18D8A58A00F2CF5A /* Resources */,
			);
			buildRules = (
			);
			dependencies = (
				219F1BD718D8A58A00F2CF5A /* PBXTargetDependency */,
			);
			name = FuffrMapTests;
			productName = FuffrMapTests;
			productReference = 219F1BD118D8A58A00F2CF5A /* FuffrMapTests.xctest */;
			productType = "com.apple.product-type.bundle.unit-test";
		};
/* End PBXNativeTarget section */

/* Begin PBXProject section */
		219F1BAE18D8A58A00F2CF5A /* Project object */ = {
			isa = PBXProject;
			attributes = {
				LastUpgradeCheck = 0510;
				ORGANIZATIONNAME = Fuffr;
				TargetAttributes = {
					219F1BD018D8A58A00F2CF5A = {
						TestTargetID = 219F1BB518D8A58A00F2CF5A;
					};
				};
			};
			buildConfigurationList = 219F1BB118D8A58A00F2CF5A /* Build configuration list for PBXProject "FuffrMap" */;
			compatibilityVersion = "Xcode 3.2";
			developmentRegion = English;
			hasScannedForEncodings = 0;
			knownRegions = (
				en,
			);
			mainGroup = 219F1BAD18D8A58A00F2CF5A;
			productRefGroup = 219F1BB718D8A58A00F2CF5A /* Products */;
			projectDirPath = "";
			projectReferences = (
				{
					ProductGroup = 219F1BEC18D8A77800F2CF5A /* Products */;
					ProjectRef = 219F1BEB18D8A77800F2CF5A /* FuffrLib.xcodeproj */;
				},
			);
			projectRoot = "";
			targets = (
				219F1BB518D8A58A00F2CF5A /* FuffrMap */,
				219F1BD018D8A58A00F2CF5A /* FuffrMapTests */,
			);
		};
/* End PBXProject section */

/* Begin PBXReferenceProxy section */
		219F1BF118D8A77900F2CF5A /* libFuffrLib.a */ = {
			isa = PBXReferenceProxy;
			fileType = archive.ar;
			path = libFuffrLib.a;
			remoteRef = 219F1BF018D8A77900F2CF5A /* PBXContainerItemProxy */;
			sourceTree = BUILT_PRODUCTS_DIR;
		};
		219F1BF318D8A77900F2CF5A /* FuffrLibTests.xctest */ = {
			isa = PBXReferenceProxy;
			fileType = wrapper.cfbundle;
			path = FuffrLibTests.xctest;
			remoteRef = 219F1BF218D8A77900F2CF5A /* PBXContainerItemProxy */;
			sourceTree = BUILT_PRODUCTS_DIR;
		};
/* End PBXReferenceProxy section */

/* Begin PBXResourcesBuildPhase section */
		219F1BB418D8A58A00F2CF5A /* Resources */ = {
			isa = PBXResourcesBuildPhase;
			buildActionMask = 2147483647;
			files = (
				219F1BC418D8A58A00F2CF5A /* InfoPlist.strings in Resources */,
				219F1BCC18D8A58A00F2CF5A /* Images.xcassets in Resources */,
			);
			runOnlyForDeploymentPostprocessing = 0;
		};
		219F1BCF18D8A58A00F2CF5A /* Resources */ = {
			isa = PBXResourcesBuildPhase;
			buildActionMask = 2147483647;
			files = (
				219F1BDD18D8A58A00F2CF5A /* InfoPlist.strings in Resources */,
			);
			runOnlyForDeploymentPostprocessing = 0;
		};
/* End PBXResourcesBuildPhase section */

/* Begin PBXSourcesBuildPhase section */
		219F1BB218D8A58A00F2CF5A /* Sources */ = {
			isa = PBXSourcesBuildPhase;
			buildActionMask = 2147483647;
			files = (
				219F1BEA18D8A5C500F2CF5A /* MapViewController.m in Sources */,
				219F1BCA18D8A58A00F2CF5A /* AppDelegate.m in Sources */,
				219F1BC618D8A58A00F2CF5A /* main.m in Sources */,
			);
			runOnlyForDeploymentPostprocessing = 0;
		};
		219F1BCD18D8A58A00F2CF5A /* Sources */ = {
			isa = PBXSourcesBuildPhase;
			buildActionMask = 2147483647;
			files = (
				219F1BDF18D8A58A00F2CF5A /* FuffrMapTests.m in Sources */,
			);
			runOnlyForDeploymentPostprocessing = 0;
		};
/* End PBXSourcesBuildPhase section */

/* Begin PBXTargetDependency section */
		219F1BD718D8A58A00F2CF5A /* PBXTargetDependency */ = {
			isa = PBXTargetDependency;
			target = 219F1BB518D8A58A00F2CF5A /* FuffrMap */;
			targetProxy = 219F1BD618D8A58A00F2CF5A /* PBXContainerItemProxy */;
		};
		219F1BF518D8A7EA00F2CF5A /* PBXTargetDependency */ = {
			isa = PBXTargetDependency;
			name = FuffrLib;
			targetProxy = 219F1BF418D8A7EA00F2CF5A /* PBXContainerItemProxy */;
		};
/* End PBXTargetDependency section */

/* Begin PBXVariantGroup section */
		219F1BC218D8A58A00F2CF5A /* InfoPlist.strings */ = {
			isa = PBXVariantGroup;
			children = (
				219F1BC318D8A58A00F2CF5A /* en */,
			);
			name = InfoPlist.strings;
			sourceTree = "<group>";
		};
		219F1BDB18D8A58A00F2CF5A /* InfoPlist.strings */ = {
			isa = PBXVariantGroup;
			children = (
				219F1BDC18D8A58A00F2CF5A /* en */,
			);
			name = InfoPlist.strings;
			sourceTree = "<group>";
		};
/* End PBXVariantGroup section */

/* Begin XCBuildConfiguration section */
		219F1BE018D8A58A00F2CF5A /* Debug */ = {
			isa = XCBuildConfiguration;
			buildSettings = {
				ALWAYS_SEARCH_USER_PATHS = NO;
				CLANG_CXX_LANGUAGE_STANDARD = "gnu++0x";
				CLANG_CXX_LIBRARY = "libc++";
				CLANG_ENABLE_MODULES = YES;
				CLANG_ENABLE_OBJC_ARC = YES;
				CLANG_WARN_BOOL_CONVERSION = YES;
				CLANG_WARN_CONSTANT_CONVERSION = YES;
				CLANG_WARN_DIRECT_OBJC_ISA_USAGE = YES_ERROR;
				CLANG_WARN_EMPTY_BODY = YES;
				CLANG_WARN_ENUM_CONVERSION = YES;
				CLANG_WARN_INT_CONVERSION = YES;
				CLANG_WARN_OBJC_ROOT_CLASS = YES_ERROR;
				CLANG_WARN__DUPLICATE_METHOD_MATCH = YES;
				"CODE_SIGN_IDENTITY[sdk=iphoneos*]" = "iPhone Developer";
				COPY_PHASE_STRIP = NO;
				GCC_C_LANGUAGE_STANDARD = gnu99;
				GCC_DYNAMIC_NO_PIC = NO;
				GCC_OPTIMIZATION_LEVEL = 0;
				GCC_PREPROCESSOR_DEFINITIONS = (
					"DEBUG=1",
					"$(inherited)",
				);
				GCC_SYMBOLS_PRIVATE_EXTERN = NO;
				GCC_WARN_64_TO_32_BIT_CONVERSION = YES;
				GCC_WARN_ABOUT_RETURN_TYPE = YES_ERROR;
				GCC_WARN_UNDECLARED_SELECTOR = YES;
				GCC_WARN_UNINITIALIZED_AUTOS = YES;
				GCC_WARN_UNUSED_FUNCTION = YES;
				GCC_WARN_UNUSED_VARIABLE = YES;
				IPHONEOS_DEPLOYMENT_TARGET = 7.0;
				ONLY_ACTIVE_ARCH = YES;
				SDKROOT = iphoneos;
				TARGETED_DEVICE_FAMILY = "1,2";
			};
			name = Debug;
		};
		219F1BE118D8A58A00F2CF5A /* Release */ = {
			isa = XCBuildConfiguration;
			buildSettings = {
				ALWAYS_SEARCH_USER_PATHS = NO;
				CLANG_CXX_LANGUAGE_STANDARD = "gnu++0x";
				CLANG_CXX_LIBRARY = "libc++";
				CLANG_ENABLE_MODULES = YES;
				CLANG_ENABLE_OBJC_ARC = YES;
				CLANG_WARN_BOOL_CONVERSION = YES;
				CLANG_WARN_CONSTANT_CONVERSION = YES;
				CLANG_WARN_DIRECT_OBJC_ISA_USAGE = YES_ERROR;
				CLANG_WARN_EMPTY_BODY = YES;
				CLANG_WARN_ENUM_CONVERSION = YES;
				CLANG_WARN_INT_CONVERSION = YES;
				CLANG_WARN_OBJC_ROOT_CLASS = YES_ERROR;
				CLANG_WARN__DUPLICATE_METHOD_MATCH = YES;
				"CODE_SIGN_IDENTITY[sdk=iphoneos*]" = "iPhone Developer";
				COPY_PHASE_STRIP = YES;
				ENABLE_NS_ASSERTIONS = NO;
				GCC_C_LANGUAGE_STANDARD = gnu99;
				GCC_WARN_64_TO_32_BIT_CONVERSION = YES;
				GCC_WARN_ABOUT_RETURN_TYPE = YES_ERROR;
				GCC_WARN_UNDECLARED_SELECTOR = YES;
				GCC_WARN_UNINITIALIZED_AUTOS = YES;
				GCC_WARN_UNUSED_FUNCTION = YES;
				GCC_WARN_UNUSED_VARIABLE = YES;
				IPHONEOS_DEPLOYMENT_TARGET = 7.0;
				SDKROOT = iphoneos;
				TARGETED_DEVICE_FAMILY = "1,2";
				VALIDATE_PRODUCT = YES;
			};
			name = Release;
		};
		219F1BE318D8A58A00F2CF5A /* Debug */ = {
			isa = XCBuildConfiguration;
			buildSettings = {
				ASSETCATALOG_COMPILER_APPICON_NAME = AppIcon;
				ASSETCATALOG_COMPILER_LAUNCHIMAGE_NAME = LaunchImage;
				GCC_PRECOMPILE_PREFIX_HEADER = YES;
				GCC_PREFIX_HEADER = "FuffrMap/FuffrMap-Prefix.pch";
				HEADER_SEARCH_PATHS = (
					"\"$(TARGET_BUILD_DIR)/usr/local/lib/include\"",
					"\"$(OBJROOT)/UninstalledProducts/include\"",
					"\"$(BUILT_PRODUCTS_DIR)\"",
				);
				INFOPLIST_FILE = "FuffrMap/FuffrMap-Info.plist";
				OTHER_LDFLAGS = "-ObjC";
				PRODUCT_NAME = "$(TARGET_NAME)";
				WRAPPER_EXTENSION = app;
			};
			name = Debug;
		};
		219F1BE418D8A58A00F2CF5A /* Release */ = {
			isa = XCBuildConfiguration;
			buildSettings = {
				ASSETCATALOG_COMPILER_APPICON_NAME = AppIcon;
				ASSETCATALOG_COMPILER_LAUNCHIMAGE_NAME = LaunchImage;
				GCC_PRECOMPILE_PREFIX_HEADER = YES;
				GCC_PREFIX_HEADER = "FuffrMap/FuffrMap-Prefix.pch";
				HEADER_SEARCH_PATHS = (
					"\"$(TARGET_BUILD_DIR)/usr/local/lib/include\"",
					"\"$(OBJROOT)/UninstalledProducts/include\"",
					"\"$(BUILT_PRODUCTS_DIR)\"",
				);
				INFOPLIST_FILE = "FuffrMap/FuffrMap-Info.plist";
				OTHER_LDFLAGS = "-ObjC";
				PRODUCT_NAME = "$(TARGET_NAME)";
				WRAPPER_EXTENSION = app;
			};
			name = Release;
		};
		219F1BE618D8A58A00F2CF5A /* Debug */ = {
			isa = XCBuildConfiguration;
			buildSettings = {
				BUNDLE_LOADER = "$(BUILT_PRODUCTS_DIR)/FuffrMap.app/FuffrMap";
				FRAMEWORK_SEARCH_PATHS = (
					"$(SDKROOT)/Developer/Library/Frameworks",
					"$(inherited)",
					"$(DEVELOPER_FRAMEWORKS_DIR)",
				);
				GCC_PRECOMPILE_PREFIX_HEADER = YES;
				GCC_PREFIX_HEADER = "FuffrMap/FuffrMap-Prefix.pch";
				GCC_PREPROCESSOR_DEFINITIONS = (
					"DEBUG=1",
					"$(inherited)",
				);
				INFOPLIST_FILE = "FuffrMapTests/FuffrMapTests-Info.plist";
				PRODUCT_NAME = "$(TARGET_NAME)";
				TEST_HOST = "$(BUNDLE_LOADER)";
				WRAPPER_EXTENSION = xctest;
			};
			name = Debug;
		};
		219F1BE718D8A58A00F2CF5A /* Release */ = {
			isa = XCBuildConfiguration;
			buildSettings = {
				BUNDLE_LOADER = "$(BUILT_PRODUCTS_DIR)/FuffrMap.app/FuffrMap";
				FRAMEWORK_SEARCH_PATHS = (
					"$(SDKROOT)/Developer/Library/Frameworks",
					"$(inherited)",
					"$(DEVELOPER_FRAMEWORKS_DIR)",
				);
				GCC_PRECOMPILE_PREFIX_HEADER = YES;
				GCC_PREFIX_HEADER = "FuffrMap/FuffrMap-Prefix.pch";
				INFOPLIST_FILE = "FuffrMapTests/FuffrMapTests-Info.plist";
				PRODUCT_NAME = "$(TARGET_NAME)";
				TEST_HOST = "$(BUNDLE_LOADER)";
				WRAPPER_EXTENSION = xctest;
			};
			name = Release;
		};
/* End XCBuildConfiguration section */

/* Begin XCConfigurationList section */
		219F1BB118D8A58A00F2CF5A /* Build configuration list for PBXProject "FuffrMap" */ = {
			isa = XCConfigurationList;
			buildConfigurations = (
				219F1BE018D8A58A00F2CF5A /* Debug */,
				219F1BE118D8A58A00F2CF5A /* Release */,
			);
			defaultConfigurationIsVisible = 0;
			defaultConfigurationName = Release;
		};
		219F1BE218D8A58A00F2CF5A /* Build configuration list for PBXNativeTarget "FuffrMap" */ = {
			isa = XCConfigurationList;
			buildConfigurations = (
				219F1BE318D8A58A00F2CF5A /* Debug */,
				219F1BE418D8A58A00F2CF5A /* Release */,
			);
			defaultConfigurationIsVisible = 0;
			defaultConfigurationName = Release;
		};
		219F1BE518D8A58A00F2CF5A /* Build configuration list for PBXNativeTarget "FuffrMapTests" */ = {
			isa = XCConfigurationList;
			buildConfigurations = (
				219F1BE618D8A58A00F2CF5A /* Debug */,
				219F1BE718D8A58A00F2CF5A /* Release */,
			);
			defaultConfigurationIsVisible = 0;
			defaultConfigurationName = Release;
		};
/* End XCConfigurationList section */
	};
	rootObject = 219F1BAE18D8A58A00F2CF5A /* Project object */;
}
