// !$*UTF8*$!
{
	archiveVersion = 1;
	classes = {
	};
	objectVersion = 46;
	objects = {

/* Begin PBXBuildFile section */
		21AC5BCD191A32C90018A1E3 /* Foundation.framework in Frameworks */ = {isa = PBXBuildFile; fileRef = 21AC5BCC191A32C90018A1E3 /* Foundation.framework */; };
		21AC5BCF191A32C90018A1E3 /* CoreGraphics.framework in Frameworks */ = {isa = PBXBuildFile; fileRef = 21AC5BCE191A32C90018A1E3 /* CoreGraphics.framework */; };
		21AC5BD1191A32C90018A1E3 /* UIKit.framework in Frameworks */ = {isa = PBXBuildFile; fileRef = 21AC5BD0191A32C90018A1E3 /* UIKit.framework */; };
		21AC5BD7191A32C90018A1E3 /* InfoPlist.strings in Resources */ = {isa = PBXBuildFile; fileRef = 21AC5BD5191A32C90018A1E3 /* InfoPlist.strings */; };
		21AC5BD9191A32C90018A1E3 /* main.m in Sources */ = {isa = PBXBuildFile; fileRef = 21AC5BD8191A32C90018A1E3 /* main.m */; };
		21AC5BDD191A32C90018A1E3 /* AppDelegate.m in Sources */ = {isa = PBXBuildFile; fileRef = 21AC5BDC191A32C90018A1E3 /* AppDelegate.m */; };
		21AC5BE0191A32C90018A1E3 /* Main_iPhone.storyboard in Resources */ = {isa = PBXBuildFile; fileRef = 21AC5BDE191A32C90018A1E3 /* Main_iPhone.storyboard */; };
		21AC5BE3191A32C90018A1E3 /* Main_iPad.storyboard in Resources */ = {isa = PBXBuildFile; fileRef = 21AC5BE1191A32C90018A1E3 /* Main_iPad.storyboard */; };
		21AC5BE6191A32C90018A1E3 /* ViewController.m in Sources */ = {isa = PBXBuildFile; fileRef = 21AC5BE5191A32C90018A1E3 /* ViewController.m */; };
		21AC5BE8191A32C90018A1E3 /* Images.xcassets in Resources */ = {isa = PBXBuildFile; fileRef = 21AC5BE7191A32C90018A1E3 /* Images.xcassets */; };
		21AC5BEF191A32C90018A1E3 /* XCTest.framework in Frameworks */ = {isa = PBXBuildFile; fileRef = 21AC5BEE191A32C90018A1E3 /* XCTest.framework */; };
		21AC5BF0191A32C90018A1E3 /* Foundation.framework in Frameworks */ = {isa = PBXBuildFile; fileRef = 21AC5BCC191A32C90018A1E3 /* Foundation.framework */; };
		21AC5BF1191A32C90018A1E3 /* UIKit.framework in Frameworks */ = {isa = PBXBuildFile; fileRef = 21AC5BD0191A32C90018A1E3 /* UIKit.framework */; };
		21AC5BF9191A32C90018A1E3 /* InfoPlist.strings in Resources */ = {isa = PBXBuildFile; fileRef = 21AC5BF7191A32C90018A1E3 /* InfoPlist.strings */; };
		21AC5BFB191A32C90018A1E3 /* FuffrOTATests.m in Sources */ = {isa = PBXBuildFile; fileRef = 21AC5BFA191A32C90018A1E3 /* FuffrOTATests.m */; };
/* End PBXBuildFile section */

/* Begin PBXContainerItemProxy section */
		21AC5BF2191A32C90018A1E3 /* PBXContainerItemProxy */ = {
			isa = PBXContainerItemProxy;
			containerPortal = 21AC5BC1191A32C90018A1E3 /* Project object */;
			proxyType = 1;
			remoteGlobalIDString = 21AC5BC8191A32C90018A1E3;
			remoteInfo = FuffrOTA;
		};
/* End PBXContainerItemProxy section */

/* Begin PBXFileReference section */
		21AC5BC9191A32C90018A1E3 /* FuffrOTA.app */ = {isa = PBXFileReference; explicitFileType = wrapper.application; includeInIndex = 0; path = FuffrOTA.app; sourceTree = BUILT_PRODUCTS_DIR; };
		21AC5BCC191A32C90018A1E3 /* Foundation.framework */ = {isa = PBXFileReference; lastKnownFileType = wrapper.framework; name = Foundation.framework; path = System/Library/Frameworks/Foundation.framework; sourceTree = SDKROOT; };
		21AC5BCE191A32C90018A1E3 /* CoreGraphics.framework */ = {isa = PBXFileReference; lastKnownFileType = wrapper.framework; name = CoreGraphics.framework; path = System/Library/Frameworks/CoreGraphics.framework; sourceTree = SDKROOT; };
		21AC5BD0191A32C90018A1E3 /* UIKit.framework */ = {isa = PBXFileReference; lastKnownFileType = wrapper.framework; name = UIKit.framework; path = System/Library/Frameworks/UIKit.framework; sourceTree = SDKROOT; };
		21AC5BD4191A32C90018A1E3 /* FuffrOTA-Info.plist */ = {isa = PBXFileReference; lastKnownFileType = text.plist.xml; path = "FuffrOTA-Info.plist"; sourceTree = "<group>"; };
		21AC5BD6191A32C90018A1E3 /* en */ = {isa = PBXFileReference; lastKnownFileType = text.plist.strings; name = en; path = en.lproj/InfoPlist.strings; sourceTree = "<group>"; };
		21AC5BD8191A32C90018A1E3 /* main.m */ = {isa = PBXFileReference; lastKnownFileType = sourcecode.c.objc; path = main.m; sourceTree = "<group>"; };
		21AC5BDA191A32C90018A1E3 /* FuffrOTA-Prefix.pch */ = {isa = PBXFileReference; lastKnownFileType = sourcecode.c.h; path = "FuffrOTA-Prefix.pch"; sourceTree = "<group>"; };
		21AC5BDB191A32C90018A1E3 /* AppDelegate.h */ = {isa = PBXFileReference; lastKnownFileType = sourcecode.c.h; path = AppDelegate.h; sourceTree = "<group>"; };
		21AC5BDC191A32C90018A1E3 /* AppDelegate.m */ = {isa = PBXFileReference; lastKnownFileType = sourcecode.c.objc; path = AppDelegate.m; sourceTree = "<group>"; };
		21AC5BDF191A32C90018A1E3 /* Base */ = {isa = PBXFileReference; lastKnownFileType = file.storyboard; name = Base; path = Base.lproj/Main_iPhone.storyboard; sourceTree = "<group>"; };
		21AC5BE2191A32C90018A1E3 /* Base */ = {isa = PBXFileReference; lastKnownFileType = file.storyboard; name = Base; path = Base.lproj/Main_iPad.storyboard; sourceTree = "<group>"; };
		21AC5BE4191A32C90018A1E3 /* ViewController.h */ = {isa = PBXFileReference; lastKnownFileType = sourcecode.c.h; path = ViewController.h; sourceTree = "<group>"; };
		21AC5BE5191A32C90018A1E3 /* ViewController.m */ = {isa = PBXFileReference; lastKnownFileType = sourcecode.c.objc; path = ViewController.m; sourceTree = "<group>"; };
		21AC5BE7191A32C90018A1E3 /* Images.xcassets */ = {isa = PBXFileReference; lastKnownFileType = folder.assetcatalog; path = Images.xcassets; sourceTree = "<group>"; };
		21AC5BED191A32C90018A1E3 /* FuffrOTATests.xctest */ = {isa = PBXFileReference; explicitFileType = wrapper.cfbundle; includeInIndex = 0; path = FuffrOTATests.xctest; sourceTree = BUILT_PRODUCTS_DIR; };
		21AC5BEE191A32C90018A1E3 /* XCTest.framework */ = {isa = PBXFileReference; lastKnownFileType = wrapper.framework; name = XCTest.framework; path = Library/Frameworks/XCTest.framework; sourceTree = DEVELOPER_DIR; };
		21AC5BF6191A32C90018A1E3 /* FuffrOTATests-Info.plist */ = {isa = PBXFileReference; lastKnownFileType = text.plist.xml; path = "FuffrOTATests-Info.plist"; sourceTree = "<group>"; };
		21AC5BF8191A32C90018A1E3 /* en */ = {isa = PBXFileReference; lastKnownFileType = text.plist.strings; name = en; path = en.lproj/InfoPlist.strings; sourceTree = "<group>"; };
		21AC5BFA191A32C90018A1E3 /* FuffrOTATests.m */ = {isa = PBXFileReference; lastKnownFileType = sourcecode.c.objc; path = FuffrOTATests.m; sourceTree = "<group>"; };
/* End PBXFileReference section */

/* Begin PBXFrameworksBuildPhase section */
		21AC5BC6191A32C90018A1E3 /* Frameworks */ = {
			isa = PBXFrameworksBuildPhase;
			buildActionMask = 2147483647;
			files = (
				21AC5BCF191A32C90018A1E3 /* CoreGraphics.framework in Frameworks */,
				21AC5BD1191A32C90018A1E3 /* UIKit.framework in Frameworks */,
				21AC5BCD191A32C90018A1E3 /* Foundation.framework in Frameworks */,
			);
			runOnlyForDeploymentPostprocessing = 0;
		};
		21AC5BEA191A32C90018A1E3 /* Frameworks */ = {
			isa = PBXFrameworksBuildPhase;
			buildActionMask = 2147483647;
			files = (
				21AC5BEF191A32C90018A1E3 /* XCTest.framework in Frameworks */,
				21AC5BF1191A32C90018A1E3 /* UIKit.framework in Frameworks */,
				21AC5BF0191A32C90018A1E3 /* Foundation.framework in Frameworks */,
			);
			runOnlyForDeploymentPostprocessing = 0;
		};
/* End PBXFrameworksBuildPhase section */

/* Begin PBXGroup section */
		21AC5BC0191A32C90018A1E3 = {
			isa = PBXGroup;
			children = (
				21AC5BD2191A32C90018A1E3 /* FuffrOTA */,
				21AC5BF4191A32C90018A1E3 /* FuffrOTATests */,
				21AC5BCB191A32C90018A1E3 /* Frameworks */,
				21AC5BCA191A32C90018A1E3 /* Products */,
			);
			sourceTree = "<group>";
		};
		21AC5BCA191A32C90018A1E3 /* Products */ = {
			isa = PBXGroup;
			children = (
				21AC5BC9191A32C90018A1E3 /* FuffrOTA.app */,
				21AC5BED191A32C90018A1E3 /* FuffrOTATests.xctest */,
			);
			name = Products;
			sourceTree = "<group>";
		};
		21AC5BCB191A32C90018A1E3 /* Frameworks */ = {
			isa = PBXGroup;
			children = (
				21AC5BCC191A32C90018A1E3 /* Foundation.framework */,
				21AC5BCE191A32C90018A1E3 /* CoreGraphics.framework */,
				21AC5BD0191A32C90018A1E3 /* UIKit.framework */,
				21AC5BEE191A32C90018A1E3 /* XCTest.framework */,
			);
			name = Frameworks;
			sourceTree = "<group>";
		};
		21AC5BD2191A32C90018A1E3 /* FuffrOTA */ = {
			isa = PBXGroup;
			children = (
				21AC5BDB191A32C90018A1E3 /* AppDelegate.h */,
				21AC5BDC191A32C90018A1E3 /* AppDelegate.m */,
				21AC5BDE191A32C90018A1E3 /* Main_iPhone.storyboard */,
				21AC5BE1191A32C90018A1E3 /* Main_iPad.storyboard */,
				21AC5BE4191A32C90018A1E3 /* ViewController.h */,
				21AC5BE5191A32C90018A1E3 /* ViewController.m */,
				21AC5BE7191A32C90018A1E3 /* Images.xcassets */,
				21AC5BD3191A32C90018A1E3 /* Supporting Files */,
			);
			path = FuffrOTA;
			sourceTree = "<group>";
		};
		21AC5BD3191A32C90018A1E3 /* Supporting Files */ = {
			isa = PBXGroup;
			children = (
				21AC5BD4191A32C90018A1E3 /* FuffrOTA-Info.plist */,
				21AC5BD5191A32C90018A1E3 /* InfoPlist.strings */,
				21AC5BD8191A32C90018A1E3 /* main.m */,
				21AC5BDA191A32C90018A1E3 /* FuffrOTA-Prefix.pch */,
			);
			name = "Supporting Files";
			sourceTree = "<group>";
		};
		21AC5BF4191A32C90018A1E3 /* FuffrOTATests */ = {
			isa = PBXGroup;
			children = (
				21AC5BFA191A32C90018A1E3 /* FuffrOTATests.m */,
				21AC5BF5191A32C90018A1E3 /* Supporting Files */,
			);
			path = FuffrOTATests;
			sourceTree = "<group>";
		};
		21AC5BF5191A32C90018A1E3 /* Supporting Files */ = {
			isa = PBXGroup;
			children = (
				21AC5BF6191A32C90018A1E3 /* FuffrOTATests-Info.plist */,
				21AC5BF7191A32C90018A1E3 /* InfoPlist.strings */,
			);
			name = "Supporting Files";
			sourceTree = "<group>";
		};
/* End PBXGroup section */

/* Begin PBXNativeTarget section */
		21AC5BC8191A32C90018A1E3 /* FuffrOTA */ = {
			isa = PBXNativeTarget;
			buildConfigurationList = 21AC5BFE191A32C90018A1E3 /* Build configuration list for PBXNativeTarget "FuffrOTA" */;
			buildPhases = (
				21AC5BC5191A32C90018A1E3 /* Sources */,
				21AC5BC6191A32C90018A1E3 /* Frameworks */,
				21AC5BC7191A32C90018A1E3 /* Resources */,
			);
			buildRules = (
			);
			dependencies = (
			);
			name = FuffrOTA;
			productName = FuffrOTA;
			productReference = 21AC5BC9191A32C90018A1E3 /* FuffrOTA.app */;
			productType = "com.apple.product-type.application";
		};
		21AC5BEC191A32C90018A1E3 /* FuffrOTATests */ = {
			isa = PBXNativeTarget;
			buildConfigurationList = 21AC5C01191A32C90018A1E3 /* Build configuration list for PBXNativeTarget "FuffrOTATests" */;
			buildPhases = (
				21AC5BE9191A32C90018A1E3 /* Sources */,
				21AC5BEA191A32C90018A1E3 /* Frameworks */,
				21AC5BEB191A32C90018A1E3 /* Resources */,
			);
			buildRules = (
			);
			dependencies = (
				21AC5BF3191A32C90018A1E3 /* PBXTargetDependency */,
			);
			name = FuffrOTATests;
			productName = FuffrOTATests;
			productReference = 21AC5BED191A32C90018A1E3 /* FuffrOTATests.xctest */;
			productType = "com.apple.product-type.bundle.unit-test";
		};
/* End PBXNativeTarget section */

/* Begin PBXProject section */
		21AC5BC1191A32C90018A1E3 /* Project object */ = {
			isa = PBXProject;
			attributes = {
				LastUpgradeCheck = 0510;
				ORGANIZATIONNAME = Fuffr;
				TargetAttributes = {
					21AC5BEC191A32C90018A1E3 = {
						TestTargetID = 21AC5BC8191A32C90018A1E3;
					};
				};
			};
			buildConfigurationList = 21AC5BC4191A32C90018A1E3 /* Build configuration list for PBXProject "FuffrOTA" */;
			compatibilityVersion = "Xcode 3.2";
			developmentRegion = English;
			hasScannedForEncodings = 0;
			knownRegions = (
				en,
				Base,
			);
			mainGroup = 21AC5BC0191A32C90018A1E3;
			productRefGroup = 21AC5BCA191A32C90018A1E3 /* Products */;
			projectDirPath = "";
			projectRoot = "";
			targets = (
				21AC5BC8191A32C90018A1E3 /* FuffrOTA */,
				21AC5BEC191A32C90018A1E3 /* FuffrOTATests */,
			);
		};
/* End PBXProject section */

/* Begin PBXResourcesBuildPhase section */
		21AC5BC7191A32C90018A1E3 /* Resources */ = {
			isa = PBXResourcesBuildPhase;
			buildActionMask = 2147483647;
			files = (
				21AC5BE3191A32C90018A1E3 /* Main_iPad.storyboard in Resources */,
				21AC5BE8191A32C90018A1E3 /* Images.xcassets in Resources */,
				21AC5BE0191A32C90018A1E3 /* Main_iPhone.storyboard in Resources */,
				21AC5BD7191A32C90018A1E3 /* InfoPlist.strings in Resources */,
			);
			runOnlyForDeploymentPostprocessing = 0;
		};
		21AC5BEB191A32C90018A1E3 /* Resources */ = {
			isa = PBXResourcesBuildPhase;
			buildActionMask = 2147483647;
			files = (
				21AC5BF9191A32C90018A1E3 /* InfoPlist.strings in Resources */,
			);
			runOnlyForDeploymentPostprocessing = 0;
		};
/* End PBXResourcesBuildPhase section */

/* Begin PBXSourcesBuildPhase section */
		21AC5BC5191A32C90018A1E3 /* Sources */ = {
			isa = PBXSourcesBuildPhase;
			buildActionMask = 2147483647;
			files = (
				21AC5BE6191A32C90018A1E3 /* ViewController.m in Sources */,
				21AC5BDD191A32C90018A1E3 /* AppDelegate.m in Sources */,
				21AC5BD9191A32C90018A1E3 /* main.m in Sources */,
			);
			runOnlyForDeploymentPostprocessing = 0;
		};
		21AC5BE9191A32C90018A1E3 /* Sources */ = {
			isa = PBXSourcesBuildPhase;
			buildActionMask = 2147483647;
			files = (
				21AC5BFB191A32C90018A1E3 /* FuffrOTATests.m in Sources */,
			);
			runOnlyForDeploymentPostprocessing = 0;
		};
/* End PBXSourcesBuildPhase section */

/* Begin PBXTargetDependency section */
		21AC5BF3191A32C90018A1E3 /* PBXTargetDependency */ = {
			isa = PBXTargetDependency;
			target = 21AC5BC8191A32C90018A1E3 /* FuffrOTA */;
			targetProxy = 21AC5BF2191A32C90018A1E3 /* PBXContainerItemProxy */;
		};
/* End PBXTargetDependency section */

/* Begin PBXVariantGroup section */
		21AC5BD5191A32C90018A1E3 /* InfoPlist.strings */ = {
			isa = PBXVariantGroup;
			children = (
				21AC5BD6191A32C90018A1E3 /* en */,
			);
			name = InfoPlist.strings;
			sourceTree = "<group>";
		};
		21AC5BDE191A32C90018A1E3 /* Main_iPhone.storyboard */ = {
			isa = PBXVariantGroup;
			children = (
				21AC5BDF191A32C90018A1E3 /* Base */,
			);
			name = Main_iPhone.storyboard;
			sourceTree = "<group>";
		};
		21AC5BE1191A32C90018A1E3 /* Main_iPad.storyboard */ = {
			isa = PBXVariantGroup;
			children = (
				21AC5BE2191A32C90018A1E3 /* Base */,
			);
			name = Main_iPad.storyboard;
			sourceTree = "<group>";
		};
		21AC5BF7191A32C90018A1E3 /* InfoPlist.strings */ = {
			isa = PBXVariantGroup;
			children = (
				21AC5BF8191A32C90018A1E3 /* en */,
			);
			name = InfoPlist.strings;
			sourceTree = "<group>";
		};
/* End PBXVariantGroup section */

/* Begin XCBuildConfiguration section */
		21AC5BFC191A32C90018A1E3 /* Debug */ = {
			isa = XCBuildConfiguration;
			buildSettings = {
				ALWAYS_SEARCH_USER_PATHS = NO;
				CLANG_CXX_LANGUAGE_STANDARD = "gnu++0x";
				CLANG_CXX_LIBRARY = "libc++";
				CLANG_ENABLE_MODULES = YES;
				CLANG_ENABLE_OBJC_ARC = YES;
				CLANG_WARN_BOOL_CONVERSION = YES;
				CLANG_WARN_CONSTANT_CONVERSION = YES;
				CLANG_WARN_DIRECT_OBJC_ISA_USAGE = YES_ERROR;
				CLANG_WARN_EMPTY_BODY = YES;
				CLANG_WARN_ENUM_CONVERSION = YES;
				CLANG_WARN_INT_CONVERSION = YES;
				CLANG_WARN_OBJC_ROOT_CLASS = YES_ERROR;
				CLANG_WARN__DUPLICATE_METHOD_MATCH = YES;
				"CODE_SIGN_IDENTITY[sdk=iphoneos*]" = "iPhone Developer";
				COPY_PHASE_STRIP = NO;
				GCC_C_LANGUAGE_STANDARD = gnu99;
				GCC_DYNAMIC_NO_PIC = NO;
				GCC_OPTIMIZATION_LEVEL = 0;
				GCC_PREPROCESSOR_DEFINITIONS = (
					"DEBUG=1",
					"$(inherited)",
				);
				GCC_SYMBOLS_PRIVATE_EXTERN = NO;
				GCC_WARN_64_TO_32_BIT_CONVERSION = YES;
				GCC_WARN_ABOUT_RETURN_TYPE = YES_ERROR;
				GCC_WARN_UNDECLARED_SELECTOR = YES;
				GCC_WARN_UNINITIALIZED_AUTOS = YES_AGGRESSIVE;
				GCC_WARN_UNUSED_FUNCTION = YES;
				GCC_WARN_UNUSED_VARIABLE = YES;
				IPHONEOS_DEPLOYMENT_TARGET = 7.1;
				ONLY_ACTIVE_ARCH = YES;
				SDKROOT = iphoneos;
				TARGETED_DEVICE_FAMILY = "1,2";
			};
			name = Debug;
		};
		21AC5BFD191A32C90018A1E3 /* Release */ = {
			isa = XCBuildConfiguration;
			buildSettings = {
				ALWAYS_SEARCH_USER_PATHS = NO;
				CLANG_CXX_LANGUAGE_STANDARD = "gnu++0x";
				CLANG_CXX_LIBRARY = "libc++";
				CLANG_ENABLE_MODULES = YES;
				CLANG_ENABLE_OBJC_ARC = YES;
				CLANG_WARN_BOOL_CONVERSION = YES;
				CLANG_WARN_CONSTANT_CONVERSION = YES;
				CLANG_WARN_DIRECT_OBJC_ISA_USAGE = YES_ERROR;
				CLANG_WARN_EMPTY_BODY = YES;
				CLANG_WARN_ENUM_CONVERSION = YES;
				CLANG_WARN_INT_CONVERSION = YES;
				CLANG_WARN_OBJC_ROOT_CLASS = YES_ERROR;
				CLANG_WARN__DUPLICATE_METHOD_MATCH = YES;
				"CODE_SIGN_IDENTITY[sdk=iphoneos*]" = "iPhone Developer";
				COPY_PHASE_STRIP = YES;
				ENABLE_NS_ASSERTIONS = NO;
				GCC_C_LANGUAGE_STANDARD = gnu99;
				GCC_WARN_64_TO_32_BIT_CONVERSION = YES;
				GCC_WARN_ABOUT_RETURN_TYPE = YES_ERROR;
				GCC_WARN_UNDECLARED_SELECTOR = YES;
				GCC_WARN_UNINITIALIZED_AUTOS = YES_AGGRESSIVE;
				GCC_WARN_UNUSED_FUNCTION = YES;
				GCC_WARN_UNUSED_VARIABLE = YES;
				IPHONEOS_DEPLOYMENT_TARGET = 7.1;
				SDKROOT = iphoneos;
				TARGETED_DEVICE_FAMILY = "1,2";
				VALIDATE_PRODUCT = YES;
			};
			name = Release;
		};
		21AC5BFF191A32C90018A1E3 /* Debug */ = {
			isa = XCBuildConfiguration;
			buildSettings = {
				ASSETCATALOG_COMPILER_APPICON_NAME = AppIcon;
				ASSETCATALOG_COMPILER_LAUNCHIMAGE_NAME = LaunchImage;
				GCC_PRECOMPILE_PREFIX_HEADER = YES;
				GCC_PREFIX_HEADER = "FuffrOTA/FuffrOTA-Prefix.pch";
				INFOPLIST_FILE = "FuffrOTA/FuffrOTA-Info.plist";
				PRODUCT_NAME = "$(TARGET_NAME)";
				WRAPPER_EXTENSION = app;
			};
			name = Debug;
		};
		21AC5C00191A32C90018A1E3 /* Release */ = {
			isa = XCBuildConfiguration;
			buildSettings = {
				ASSETCATALOG_COMPILER_APPICON_NAME = AppIcon;
				ASSETCATALOG_COMPILER_LAUNCHIMAGE_NAME = LaunchImage;
				GCC_PRECOMPILE_PREFIX_HEADER = YES;
				GCC_PREFIX_HEADER = "FuffrOTA/FuffrOTA-Prefix.pch";
				INFOPLIST_FILE = "FuffrOTA/FuffrOTA-Info.plist";
				PRODUCT_NAME = "$(TARGET_NAME)";
				WRAPPER_EXTENSION = app;
			};
			name = Release;
		};
		21AC5C02191A32C90018A1E3 /* Debug */ = {
			isa = XCBuildConfiguration;
			buildSettings = {
				BUNDLE_LOADER = "$(BUILT_PRODUCTS_DIR)/FuffrOTA.app/FuffrOTA";
				FRAMEWORK_SEARCH_PATHS = (
					"$(SDKROOT)/Developer/Library/Frameworks",
					"$(inherited)",
					"$(DEVELOPER_FRAMEWORKS_DIR)",
				);
				GCC_PRECOMPILE_PREFIX_HEADER = YES;
				GCC_PREFIX_HEADER = "FuffrOTA/FuffrOTA-Prefix.pch";
				GCC_PREPROCESSOR_DEFINITIONS = (
					"DEBUG=1",
					"$(inherited)",
				);
				INFOPLIST_FILE = "FuffrOTATests/FuffrOTATests-Info.plist";
				PRODUCT_NAME = "$(TARGET_NAME)";
				TEST_HOST = "$(BUNDLE_LOADER)";
				WRAPPER_EXTENSION = xctest;
			};
			name = Debug;
		};
		21AC5C03191A32C90018A1E3 /* Release */ = {
			isa = XCBuildConfiguration;
			buildSettings = {
				BUNDLE_LOADER = "$(BUILT_PRODUCTS_DIR)/FuffrOTA.app/FuffrOTA";
				FRAMEWORK_SEARCH_PATHS = (
					"$(SDKROOT)/Developer/Library/Frameworks",
					"$(inherited)",
					"$(DEVELOPER_FRAMEWORKS_DIR)",
				);
				GCC_PRECOMPILE_PREFIX_HEADER = YES;
				GCC_PREFIX_HEADER = "FuffrOTA/FuffrOTA-Prefix.pch";
				INFOPLIST_FILE = "FuffrOTATests/FuffrOTATests-Info.plist";
				PRODUCT_NAME = "$(TARGET_NAME)";
				TEST_HOST = "$(BUNDLE_LOADER)";
				WRAPPER_EXTENSION = xctest;
			};
			name = Release;
		};
/* End XCBuildConfiguration section */

/* Begin XCConfigurationList section */
		21AC5BC4191A32C90018A1E3 /* Build configuration list for PBXProject "FuffrOTA" */ = {
			isa = XCConfigurationList;
			buildConfigurations = (
				21AC5BFC191A32C90018A1E3 /* Debug */,
				21AC5BFD191A32C90018A1E3 /* Release */,
			);
			defaultConfigurationIsVisible = 0;
			defaultConfigurationName = Release;
		};
		21AC5BFE191A32C90018A1E3 /* Build configuration list for PBXNativeTarget "FuffrOTA" */ = {
			isa = XCConfigurationList;
			buildConfigurations = (
				21AC5BFF191A32C90018A1E3 /* Debug */,
				21AC5C00191A32C90018A1E3 /* Release */,
			);
			defaultConfigurationIsVisible = 0;
		};
		21AC5C01191A32C90018A1E3 /* Build configuration list for PBXNativeTarget "FuffrOTATests" */ = {
			isa = XCConfigurationList;
			buildConfigurations = (
				21AC5C02191A32C90018A1E3 /* Debug */,
				21AC5C03191A32C90018A1E3 /* Release */,
			);
			defaultConfigurationIsVisible = 0;
		};
/* End XCConfigurationList section */
	};
	rootObject = 21AC5BC1191A32C90018A1E3 /* Project object */;
}
